
Microsoft Visual Studio Solution File, Format Version 12.00
Project("{FAE04EC0-301F-11D3-BF4B-00C04F79EFBC}") = "CGTRSUCalculator", "CGTRSUCalculator\CGTRSUCalculator.csproj", "{156F61CE-23E6-4C5C-817A-C9A26B624CB2}"
EndProject
Project("{FAE04EC0-301F-11D3-BF4B-00C04F79EFBC}") = "CGTCalculator.Processor", "CGTCalculator.Processor\CGTCalculator.Processor.csproj", "{69CF6840-624B-4D2B-B765-F5268CD4BB66}"
EndProject
Project("{FAE04EC0-301F-11D3-BF4B-00C04F79EFBC}") = "CGTCalculator.Processor.Test", "CGTCalculator.Processor.Test\CGTCalculator.Processor.Test.csproj", "{2E30EF02-7C4D-405F-87D3-AF6B34891C86}"
EndProject
Project("{FAE04EC0-301F-11D3-BF4B-00C04F79EFBC}") = "CGTRSUCalculator.Test", "CGTRSUCalculator.Test\CGTRSUCalculator.Test.csproj", "{F9FCF8C3-96D9-4C39-BDCC-39D0792FF5FB}"
EndProject
Global
	GlobalSection(SolutionConfigurationPlatforms) = preSolution
		Debug|Any CPU = Debug|Any CPU
		Release|Any CPU = Release|Any CPU
	EndGlobalSection
	GlobalSection(ProjectConfigurationPlatforms) = postSolution
		{156F61CE-23E6-4C5C-817A-C9A26B624CB2}.Debug|Any CPU.ActiveCfg = Debug|Any CPU
		{156F61CE-23E6-4C5C-817A-C9A26B624CB2}.Debug|Any CPU.Build.0 = Debug|Any CPU
		{156F61CE-23E6-4C5C-817A-C9A26B624CB2}.Release|Any CPU.ActiveCfg = Release|Any CPU
		{156F61CE-23E6-4C5C-817A-C9A26B624CB2}.Release|Any CPU.Build.0 = Release|Any CPU
		{69CF6840-624B-4D2B-B765-F5268CD4BB66}.Debug|Any CPU.ActiveCfg = Debug|Any CPU
		{69CF6840-624B-4D2B-B765-F5268CD4BB66}.Debug|Any CPU.Build.0 = Debug|Any CPU
		{69CF6840-624B-4D2B-B765-F5268CD4BB66}.Release|Any CPU.ActiveCfg = Release|Any CPU
		{69CF6840-624B-4D2B-B765-F5268CD4BB66}.Release|Any CPU.Build.0 = Release|Any CPU
		{2E30EF02-7C4D-405F-87D3-AF6B34891C86}.Debug|Any CPU.ActiveCfg = Debug|Any CPU
		{2E30EF02-7C4D-405F-87D3-AF6B34891C86}.Debug|Any CPU.Build.0 = Debug|Any CPU
		{2E30EF02-7C4D-405F-87D3-AF6B34891C86}.Release|Any CPU.ActiveCfg = Release|Any CPU
		{2E30EF02-7C4D-405F-87D3-AF6B34891C86}.Release|Any CPU.Build.0 = Release|Any CPU
		{F9FCF8C3-96D9-4C39-BDCC-39D0792FF5FB}.Debug|Any CPU.ActiveCfg = Debug|Any CPU
		{F9FCF8C3-96D9-4C39-BDCC-39D0792FF5FB}.Debug|Any CPU.Build.0 = Debug|Any CPU
		{F9FCF8C3-96D9-4C39-BDCC-39D0792FF5FB}.Release|Any CPU.ActiveCfg = Release|Any CPU
		{F9FCF8C3-96D9-4C39-BDCC-39D0792FF5FB}.Release|Any CPU.Build.0 = Release|Any CPU
	EndGlobalSection
EndGlobal
